
Microsoft Visual Studio Solution File, Format Version 12.00
# Visual Studio 14
VisualStudioVersion = 14.0.25420.1
MinimumVisualStudioVersion = 10.0.40219.1
Project("{FAE04EC0-301F-11D3-BF4B-00C04F79EFBC}") = "FacturacionSB", "FacturacionSB\FacturacionSB.csproj", "{85921FB8-B090-4B1F-88DC-E9D988181C04}"
EndProject
Project("{FAE04EC0-301F-11D3-BF4B-00C04F79EFBC}") = "BLFacturacionSB", "BLSeguridad\BLFacturacionSB.csproj", "{8345903E-D06C-4899-8EAD-FDC37048695B}"
EndProject
Global
	GlobalSection(SolutionConfigurationPlatforms) = preSolution
		Debug|Any CPU = Debug|Any CPU
		Release|Any CPU = Release|Any CPU
	EndGlobalSection
	GlobalSection(ProjectConfigurationPlatforms) = postSolution
		{85921FB8-B090-4B1F-88DC-E9D988181C04}.Debug|Any CPU.ActiveCfg = Debug|Any CPU
		{85921FB8-B090-4B1F-88DC-E9D988181C04}.Debug|Any CPU.Build.0 = Debug|Any CPU
		{85921FB8-B090-4B1F-88DC-E9D988181C04}.Release|Any CPU.ActiveCfg = Release|Any CPU
		{85921FB8-B090-4B1F-88DC-E9D988181C04}.Release|Any CPU.Build.0 = Release|Any CPU
		{8345903E-D06C-4899-8EAD-FDC37048695B}.Debug|Any CPU.ActiveCfg = Debug|Any CPU
		{8345903E-D06C-4899-8EAD-FDC37048695B}.Debug|Any CPU.Build.0 = Debug|Any CPU
		{8345903E-D06C-4899-8EAD-FDC37048695B}.Release|Any CPU.ActiveCfg = Release|Any CPU
		{8345903E-D06C-4899-8EAD-FDC37048695B}.Release|Any CPU.Build.0 = Release|Any CPU
	EndGlobalSection
	GlobalSection(SolutionProperties) = preSolution
		HideSolutionNode = FALSE
	EndGlobalSection
EndGlobal
